// !$*UTF8*$!
{
	archiveVersion = 1;
	classes = {
	};
	objectVersion = 48;
	objects = {

/* Begin PBXBuildFile section */
		BFC2C90220214CDE00B8BB18 /* AppDelegate.swift in Sources */ = {isa = PBXBuildFile; fileRef = BFC2C90120214CDE00B8BB18 /* AppDelegate.swift */; };
		BFC2C90420214CDF00B8BB18 /* ViewController.swift in Sources */ = {isa = PBXBuildFile; fileRef = BFC2C90320214CDE00B8BB18 /* ViewController.swift */; };
		BFC2C90720214CDF00B8BB18 /* Main.storyboard in Resources */ = {isa = PBXBuildFile; fileRef = BFC2C90520214CDF00B8BB18 /* Main.storyboard */; };
		BFC2C90920214CDF00B8BB18 /* Assets.xcassets in Resources */ = {isa = PBXBuildFile; fileRef = BFC2C90820214CDF00B8BB18 /* Assets.xcassets */; };
		BFC2C90C20214CDF00B8BB18 /* LaunchScreen.storyboard in Resources */ = {isa = PBXBuildFile; fileRef = BFC2C90A20214CDF00B8BB18 /* LaunchScreen.storyboard */; };
		BFC2C91720214CDF00B8BB18 /* flix_demo_03Tests.swift in Sources */ = {isa = PBXBuildFile; fileRef = BFC2C91620214CDF00B8BB18 /* flix_demo_03Tests.swift */; };
		BFC2C92220214CDF00B8BB18 /* flix_demo_03UITests.swift in Sources */ = {isa = PBXBuildFile; fileRef = BFC2C92120214CDF00B8BB18 /* flix_demo_03UITests.swift */; };
/* End PBXBuildFile section */

/* Begin PBXContainerItemProxy section */
		BFC2C91320214CDF00B8BB18 /* PBXContainerItemProxy */ = {
			isa = PBXContainerItemProxy;
			containerPortal = BFC2C8F620214CDE00B8BB18 /* Project object */;
			proxyType = 1;
			remoteGlobalIDString = BFC2C8FD20214CDE00B8BB18;
			remoteInfo = flix_demo_03;
		};
		BFC2C91E20214CDF00B8BB18 /* PBXContainerItemProxy */ = {
			isa = PBXContainerItemProxy;
			containerPortal = BFC2C8F620214CDE00B8BB18 /* Project object */;
			proxyType = 1;
			remoteGlobalIDString = BFC2C8FD20214CDE00B8BB18;
			remoteInfo = flix_demo_03;
		};
/* End PBXContainerItemProxy section */

/* Begin PBXFileReference section */
		BFC2C8FE20214CDE00B8BB18 /* flix_demo_03.app */ = {isa = PBXFileReference; explicitFileType = wrapper.application; includeInIndex = 0; path = flix_demo_03.app; sourceTree = BUILT_PRODUCTS_DIR; };
		BFC2C90120214CDE00B8BB18 /* AppDelegate.swift */ = {isa = PBXFileReference; lastKnownFileType = sourcecode.swift; path = AppDelegate.swift; sourceTree = "<group>"; };
		BFC2C90320214CDE00B8BB18 /* ViewController.swift */ = {isa = PBXFileReference; lastKnownFileType = sourcecode.swift; path = ViewController.swift; sourceTree = "<group>"; };
		BFC2C90620214CDF00B8BB18 /* Base */ = {isa = PBXFileReference; lastKnownFileType = file.storyboard; name = Base; path = Base.lproj/Main.storyboard; sourceTree = "<group>"; };
		BFC2C90820214CDF00B8BB18 /* Assets.xcassets */ = {isa = PBXFileReference; lastKnownFileType = folder.assetcatalog; path = Assets.xcassets; sourceTree = "<group>"; };
		BFC2C90B20214CDF00B8BB18 /* Base */ = {isa = PBXFileReference; lastKnownFileType = file.storyboard; name = Base; path = Base.lproj/LaunchScreen.storyboard; sourceTree = "<group>"; };
		BFC2C90D20214CDF00B8BB18 /* Info.plist */ = {isa = PBXFileReference; lastKnownFileType = text.plist.xml; path = Info.plist; sourceTree = "<group>"; };
		BFC2C91220214CDF00B8BB18 /* flix_demo_03Tests.xctest */ = {isa = PBXFileReference; explicitFileType = wrapper.cfbundle; includeInIndex = 0; path = flix_demo_03Tests.xctest; sourceTree = BUILT_PRODUCTS_DIR; };
		BFC2C91620214CDF00B8BB18 /* flix_demo_03Tests.swift */ = {isa = PBXFileReference; lastKnownFileType = sourcecode.swift; path = flix_demo_03Tests.swift; sourceTree = "<group>"; };
		BFC2C91820214CDF00B8BB18 /* Info.plist */ = {isa = PBXFileReference; lastKnownFileType = text.plist.xml; path = Info.plist; sourceTree = "<group>"; };
		BFC2C91D20214CDF00B8BB18 /* flix_demo_03UITests.xctest */ = {isa = PBXFileReference; explicitFileType = wrapper.cfbundle; includeInIndex = 0; path = flix_demo_03UITests.xctest; sourceTree = BUILT_PRODUCTS_DIR; };
		BFC2C92120214CDF00B8BB18 /* flix_demo_03UITests.swift */ = {isa = PBXFileReference; lastKnownFileType = sourcecode.swift; path = flix_demo_03UITests.swift; sourceTree = "<group>"; };
		BFC2C92320214CDF00B8BB18 /* Info.plist */ = {isa = PBXFileReference; lastKnownFileType = text.plist.xml; path = Info.plist; sourceTree = "<group>"; };
/* End PBXFileReference section */

/* Begin PBXFrameworksBuildPhase section */
		BFC2C8FB20214CDE00B8BB18 /* Frameworks */ = {
			isa = PBXFrameworksBuildPhase;
			buildActionMask = 2147483647;
			files = (
			);
			runOnlyForDeploymentPostprocessing = 0;
		};
		BFC2C90F20214CDF00B8BB18 /* Frameworks */ = {
			isa = PBXFrameworksBuildPhase;
			buildActionMask = 2147483647;
			files = (
			);
			runOnlyForDeploymentPostprocessing = 0;
		};
		BFC2C91A20214CDF00B8BB18 /* Frameworks */ = {
			isa = PBXFrameworksBuildPhase;
			buildActionMask = 2147483647;
			files = (
			);
			runOnlyForDeploymentPostprocessing = 0;
		};
/* End PBXFrameworksBuildPhase section */

/* Begin PBXGroup section */
		BFC2C8F520214CDE00B8BB18 = {
			isa = PBXGroup;
			children = (
				BFC2C90020214CDE00B8BB18 /* flix_demo_03 */,
				BFC2C91520214CDF00B8BB18 /* flix_demo_03Tests */,
				BFC2C92020214CDF00B8BB18 /* flix_demo_03UITests */,
				BFC2C8FF20214CDE00B8BB18 /* Products */,
			);
			sourceTree = "<group>";
		};
		BFC2C8FF20214CDE00B8BB18 /* Products */ = {
			isa = PBXGroup;
			children = (
				BFC2C8FE20214CDE00B8BB18 /* flix_demo_03.app */,
				BFC2C91220214CDF00B8BB18 /* flix_demo_03Tests.xctest */,
				BFC2C91D20214CDF00B8BB18 /* flix_demo_03UITests.xctest */,
			);
			name = Products;
			sourceTree = "<group>";
		};
		BFC2C90020214CDE00B8BB18 /* flix_demo_03 */ = {
			isa = PBXGroup;
			children = (
				BFC2C90120214CDE00B8BB18 /* AppDelegate.swift */,
				BFC2C90320214CDE00B8BB18 /* ViewController.swift */,
				BFC2C90520214CDF00B8BB18 /* Main.storyboard */,
				BFC2C90820214CDF00B8BB18 /* Assets.xcassets */,
				BFC2C90A20214CDF00B8BB18 /* LaunchScreen.storyboard */,
				BFC2C90D20214CDF00B8BB18 /* Info.plist */,
			);
			path = flix_demo_03;
			sourceTree = "<group>";
		};
		BFC2C91520214CDF00B8BB18 /* flix_demo_03Tests */ = {
			isa = PBXGroup;
			children = (
				BFC2C91620214CDF00B8BB18 /* flix_demo_03Tests.swift */,
				BFC2C91820214CDF00B8BB18 /* Info.plist */,
			);
			path = flix_demo_03Tests;
			sourceTree = "<group>";
		};
		BFC2C92020214CDF00B8BB18 /* flix_demo_03UITests */ = {
			isa = PBXGroup;
			children = (
				BFC2C92120214CDF00B8BB18 /* flix_demo_03UITests.swift */,
				BFC2C92320214CDF00B8BB18 /* Info.plist */,
			);
			path = flix_demo_03UITests;
			sourceTree = "<group>";
		};
/* End PBXGroup section */

/* Begin PBXNativeTarget section */
		BFC2C8FD20214CDE00B8BB18 /* flix_demo_03 */ = {
			isa = PBXNativeTarget;
			buildConfigurationList = BFC2C92620214CDF00B8BB18 /* Build configuration list for PBXNativeTarget "flix_demo_03" */;
			buildPhases = (
				BFC2C8FA20214CDE00B8BB18 /* Sources */,
				BFC2C8FB20214CDE00B8BB18 /* Frameworks */,
				BFC2C8FC20214CDE00B8BB18 /* Resources */,
			);
			buildRules = (
			);
			dependencies = (
			);
			name = flix_demo_03;
			productName = flix_demo_03;
			productReference = BFC2C8FE20214CDE00B8BB18 /* flix_demo_03.app */;
			productType = "com.apple.product-type.application";
		};
		BFC2C91120214CDF00B8BB18 /* flix_demo_03Tests */ = {
			isa = PBXNativeTarget;
			buildConfigurationList = BFC2C92920214CDF00B8BB18 /* Build configuration list for PBXNativeTarget "flix_demo_03Tests" */;
			buildPhases = (
				BFC2C90E20214CDF00B8BB18 /* Sources */,
				BFC2C90F20214CDF00B8BB18 /* Frameworks */,
				BFC2C91020214CDF00B8BB18 /* Resources */,
			);
			buildRules = (
			);
			dependencies = (
				BFC2C91420214CDF00B8BB18 /* PBXTargetDependency */,
			);
			name = flix_demo_03Tests;
			productName = flix_demo_03Tests;
			productReference = BFC2C91220214CDF00B8BB18 /* flix_demo_03Tests.xctest */;
			productType = "com.apple.product-type.bundle.unit-test";
		};
		BFC2C91C20214CDF00B8BB18 /* flix_demo_03UITests */ = {
			isa = PBXNativeTarget;
			buildConfigurationList = BFC2C92C20214CDF00B8BB18 /* Build configuration list for PBXNativeTarget "flix_demo_03UITests" */;
			buildPhases = (
				BFC2C91920214CDF00B8BB18 /* Sources */,
				BFC2C91A20214CDF00B8BB18 /* Frameworks */,
				BFC2C91B20214CDF00B8BB18 /* Resources */,
			);
			buildRules = (
			);
			dependencies = (
				BFC2C91F20214CDF00B8BB18 /* PBXTargetDependency */,
			);
			name = flix_demo_03UITests;
			productName = flix_demo_03UITests;
			productReference = BFC2C91D20214CDF00B8BB18 /* flix_demo_03UITests.xctest */;
			productType = "com.apple.product-type.bundle.ui-testing";
		};
/* End PBXNativeTarget section */

/* Begin PBXProject section */
		BFC2C8F620214CDE00B8BB18 /* Project object */ = {
			isa = PBXProject;
			attributes = {
				LastSwiftUpdateCheck = 0920;
				LastUpgradeCheck = 0920;
				ORGANIZATIONNAME = "Kelvin Lui";
				TargetAttributes = {
					BFC2C8FD20214CDE00B8BB18 = {
						CreatedOnToolsVersion = 9.2;
						ProvisioningStyle = Automatic;
					};
					BFC2C91120214CDF00B8BB18 = {
						CreatedOnToolsVersion = 9.2;
						ProvisioningStyle = Automatic;
						TestTargetID = BFC2C8FD20214CDE00B8BB18;
					};
					BFC2C91C20214CDF00B8BB18 = {
						CreatedOnToolsVersion = 9.2;
						ProvisioningStyle = Automatic;
						TestTargetID = BFC2C8FD20214CDE00B8BB18;
					};
				};
			};
			buildConfigurationList = BFC2C8F920214CDE00B8BB18 /* Build configuration list for PBXProject "flix_demo_03" */;
			compatibilityVersion = "Xcode 8.0";
			developmentRegion = en;
			hasScannedForEncodings = 0;
			knownRegions = (
				en,
				Base,
			);
			mainGroup = BFC2C8F520214CDE00B8BB18;
			productRefGroup = BFC2C8FF20214CDE00B8BB18 /* Products */;
			projectDirPath = "";
			projectRoot = "";
			targets = (
				BFC2C8FD20214CDE00B8BB18 /* flix_demo_03 */,
				BFC2C91120214CDF00B8BB18 /* flix_demo_03Tests */,
				BFC2C91C20214CDF00B8BB18 /* flix_demo_03UITests */,
			);
		};
/* End PBXProject section */

/* Begin PBXResourcesBuildPhase section */
		BFC2C8FC20214CDE00B8BB18 /* Resources */ = {
			isa = PBXResourcesBuildPhase;
			buildActionMask = 2147483647;
			files = (
				BFC2C90C20214CDF00B8BB18 /* LaunchScreen.storyboard in Resources */,
				BFC2C90920214CDF00B8BB18 /* Assets.xcassets in Resources */,
				BFC2C90720214CDF00B8BB18 /* Main.storyboard in Resources */,
			);
			runOnlyForDeploymentPostprocessing = 0;
		};
		BFC2C91020214CDF00B8BB18 /* Resources */ = {
			isa = PBXResourcesBuildPhase;
			buildActionMask = 2147483647;
			files = (
			);
			runOnlyForDeploymentPostprocessing = 0;
		};
		BFC2C91B20214CDF00B8BB18 /* Resources */ = {
			isa = PBXResourcesBuildPhase;
			buildActionMask = 2147483647;
			files = (
			);
			runOnlyForDeploymentPostprocessing = 0;
		};
/* End PBXResourcesBuildPhase section */

/* Begin PBXSourcesBuildPhase section */
		BFC2C8FA20214CDE00B8BB18 /* Sources */ = {
			isa = PBXSourcesBuildPhase;
			buildActionMask = 2147483647;
			files = (
				BFC2C90420214CDF00B8BB18 /* ViewController.swift in Sources */,
				BFC2C90220214CDE00B8BB18 /* AppDelegate.swift in Sources */,
			);
			runOnlyForDeploymentPostprocessing = 0;
		};
		BFC2C90E20214CDF00B8BB18 /* Sources */ = {
			isa = PBXSourcesBuildPhase;
			buildActionMask = 2147483647;
			files = (
				BFC2C91720214CDF00B8BB18 /* flix_demo_03Tests.swift in Sources */,
			);
			runOnlyForDeploymentPostprocessing = 0;
		};
		BFC2C91920214CDF00B8BB18 /* Sources */ = {
			isa = PBXSourcesBuildPhase;
			buildActionMask = 2147483647;
			files = (
				BFC2C92220214CDF00B8BB18 /* flix_demo_03UITests.swift in Sources */,
			);
			runOnlyForDeploymentPostprocessing = 0;
		};
/* End PBXSourcesBuildPhase section */

/* Begin PBXTargetDependency section */
		BFC2C91420214CDF00B8BB18 /* PBXTargetDependency */ = {
			isa = PBXTargetDependency;
			target = BFC2C8FD20214CDE00B8BB18 /* flix_demo_03 */;
			targetProxy = BFC2C91320214CDF00B8BB18 /* PBXContainerItemProxy */;
		};
		BFC2C91F20214CDF00B8BB18 /* PBXTargetDependency */ = {
			isa = PBXTargetDependency;
			target = BFC2C8FD20214CDE00B8BB18 /* flix_demo_03 */;
			targetProxy = BFC2C91E20214CDF00B8BB18 /* PBXContainerItemProxy */;
		};
/* End PBXTargetDependency section */

/* Begin PBXVariantGroup section */
		BFC2C90520214CDF00B8BB18 /* Main.storyboard */ = {
			isa = PBXVariantGroup;
			children = (
				BFC2C90620214CDF00B8BB18 /* Base */,
			);
			name = Main.storyboard;
			sourceTree = "<group>";
		};
		BFC2C90A20214CDF00B8BB18 /* LaunchScreen.storyboard */ = {
			isa = PBXVariantGroup;
			children = (
				BFC2C90B20214CDF00B8BB18 /* Base */,
			);
			name = LaunchScreen.storyboard;
			sourceTree = "<group>";
		};
/* End PBXVariantGroup section */

/* Begin XCBuildConfiguration section */
		BFC2C92420214CDF00B8BB18 /* Debug */ = {
			isa = XCBuildConfiguration;
			buildSettings = {
				ALWAYS_SEARCH_USER_PATHS = NO;
				CLANG_ANALYZER_NONNULL = YES;
				CLANG_ANALYZER_NUMBER_OBJECT_CONVERSION = YES_AGGRESSIVE;
				CLANG_CXX_LANGUAGE_STANDARD = "gnu++14";
				CLANG_CXX_LIBRARY = "libc++";
				CLANG_ENABLE_MODULES = YES;
				CLANG_ENABLE_OBJC_ARC = YES;
				CLANG_WARN_BLOCK_CAPTURE_AUTORELEASING = YES;
				CLANG_WARN_BOOL_CONVERSION = YES;
				CLANG_WARN_COMMA = YES;
				CLANG_WARN_CONSTANT_CONVERSION = YES;
				CLANG_WARN_DIRECT_OBJC_ISA_USAGE = YES_ERROR;
				CLANG_WARN_DOCUMENTATION_COMMENTS = YES;
				CLANG_WARN_EMPTY_BODY = YES;
				CLANG_WARN_ENUM_CONVERSION = YES;
				CLANG_WARN_INFINITE_RECURSION = YES;
				CLANG_WARN_INT_CONVERSION = YES;
				CLANG_WARN_NON_LITERAL_NULL_CONVERSION = YES;
				CLANG_WARN_OBJC_LITERAL_CONVERSION = YES;
				CLANG_WARN_OBJC_ROOT_CLASS = YES_ERROR;
				CLANG_WARN_RANGE_LOOP_ANALYSIS = YES;
				CLANG_WARN_STRICT_PROTOTYPES = YES;
				CLANG_WARN_SUSPICIOUS_MOVE = YES;
				CLANG_WARN_UNGUARDED_AVAILABILITY = YES_AGGRESSIVE;
				CLANG_WARN_UNREACHABLE_CODE = YES;
				CLANG_WARN__DUPLICATE_METHOD_MATCH = YES;
				CODE_SIGN_IDENTITY = "iPhone Developer";
				COPY_PHASE_STRIP = NO;
				DEBUG_INFORMATION_FORMAT = dwarf;
				ENABLE_STRICT_OBJC_MSGSEND = YES;
				ENABLE_TESTABILITY = YES;
				GCC_C_LANGUAGE_STANDARD = gnu11;
				GCC_DYNAMIC_NO_PIC = NO;
				GCC_NO_COMMON_BLOCKS = YES;
				GCC_OPTIMIZATION_LEVEL = 0;
				GCC_PREPROCESSOR_DEFINITIONS = (
					"DEBUG=1",
					"$(inherited)",
				);
				GCC_WARN_64_TO_32_BIT_CONVERSION = YES;
				GCC_WARN_ABOUT_RETURN_TYPE = YES_ERROR;
				GCC_WARN_UNDECLARED_SELECTOR = YES;
				GCC_WARN_UNINITIALIZED_AUTOS = YES_AGGRESSIVE;
				GCC_WARN_UNUSED_FUNCTION = YES;
				GCC_WARN_UNUSED_VARIABLE = YES;
				IPHONEOS_DEPLOYMENT_TARGET = 11.2;
				MTL_ENABLE_DEBUG_INFO = YES;
				ONLY_ACTIVE_ARCH = YES;
				SDKROOT = iphoneos;
				SWIFT_ACTIVE_COMPILATION_CONDITIONS = DEBUG;
				SWIFT_OPTIMIZATION_LEVEL = "-Onone";
			};
			name = Debug;
		};
		BFC2C92520214CDF00B8BB18 /* Release */ = {
			isa = XCBuildConfiguration;
			buildSettings = {
				ALWAYS_SEARCH_USER_PATHS = NO;
				CLANG_ANALYZER_NONNULL = YES;
				CLANG_ANALYZER_NUMBER_OBJECT_CONVERSION = YES_AGGRESSIVE;
				CLANG_CXX_LANGUAGE_STANDARD = "gnu++14";
				CLANG_CXX_LIBRARY = "libc++";
				CLANG_ENABLE_MODULES = YES;
				CLANG_ENABLE_OBJC_ARC = YES;
				CLANG_WARN_BLOCK_CAPTURE_AUTORELEASING = YES;
				CLANG_WARN_BOOL_CONVERSION = YES;
				CLANG_WARN_COMMA = YES;
				CLANG_WARN_CONSTANT_CONVERSION = YES;
				CLANG_WARN_DIRECT_OBJC_ISA_USAGE = YES_ERROR;
				CLANG_WARN_DOCUMENTATION_COMMENTS = YES;
				CLANG_WARN_EMPTY_BODY = YES;
				CLANG_WARN_ENUM_CONVERSION = YES;
				CLANG_WARN_INFINITE_RECURSION = YES;
				CLANG_WARN_INT_CONVERSION = YES;
				CLANG_WARN_NON_LITERAL_NULL_CONVERSION = YES;
				CLANG_WARN_OBJC_LITERAL_CONVERSION = YES;
				CLANG_WARN_OBJC_ROOT_CLASS = YES_ERROR;
				CLANG_WARN_RANGE_LOOP_ANALYSIS = YES;
				CLANG_WARN_STRICT_PROTOTYPES = YES;
				CLANG_WARN_SUSPICIOUS_MOVE = YES;
				CLANG_WARN_UNGUARDED_AVAILABILITY = YES_AGGRESSIVE;
				CLANG_WARN_UNREACHABLE_CODE = YES;
				CLANG_WARN__DUPLICATE_METHOD_MATCH = YES;
				CODE_SIGN_IDENTITY = "iPhone Developer";
				COPY_PHASE_STRIP = NO;
				DEBUG_INFORMATION_FORMAT = "dwarf-with-dsym";
				ENABLE_NS_ASSERTIONS = NO;
				ENABLE_STRICT_OBJC_MSGSEND = YES;
				GCC_C_LANGUAGE_STANDARD = gnu11;
				GCC_NO_COMMON_BLOCKS = YES;
				GCC_WARN_64_TO_32_BIT_CONVERSION = YES;
				GCC_WARN_ABOUT_RETURN_TYPE = YES_ERROR;
				GCC_WARN_UNDECLARED_SELECTOR = YES;
				GCC_WARN_UNINITIALIZED_AUTOS = YES_AGGRESSIVE;
				GCC_WARN_UNUSED_FUNCTION = YES;
				GCC_WARN_UNUSED_VARIABLE = YES;
				IPHONEOS_DEPLOYMENT_TARGET = 11.2;
				MTL_ENABLE_DEBUG_INFO = NO;
				SDKROOT = iphoneos;
				SWIFT_OPTIMIZATION_LEVEL = "-Owholemodule";
				VALIDATE_PRODUCT = YES;
			};
			name = Release;
		};
		BFC2C92720214CDF00B8BB18 /* Debug */ = {
			isa = XCBuildConfiguration;
			buildSettings = {
				ASSETCATALOG_COMPILER_APPICON_NAME = AppIcon;
				CODE_SIGN_STYLE = Automatic;
				DEVELOPMENT_TEAM = 2Y5XUSGWXK;
				INFOPLIST_FILE = flix_demo_03/Info.plist;
				LD_RUNPATH_SEARCH_PATHS = "$(inherited) @executable_path/Frameworks";
				PRODUCT_BUNDLE_IDENTIFIER = "com.kinmanlui.flix-demo-03";
				PRODUCT_NAME = "$(TARGET_NAME)";
				SWIFT_VERSION = 4.0;
				TARGETED_DEVICE_FAMILY = "1,2";
			};
			name = Debug;
		};
		BFC2C92820214CDF00B8BB18 /* Release */ = {
			isa = XCBuildConfiguration;
			buildSettings = {
				ASSETCATALOG_COMPILER_APPICON_NAME = AppIcon;
				CODE_SIGN_STYLE = Automatic;
				DEVELOPMENT_TEAM = 2Y5XUSGWXK;
				INFOPLIST_FILE = flix_demo_03/Info.plist;
				LD_RUNPATH_SEARCH_PATHS = "$(inherited) @executable_path/Frameworks";
				PRODUCT_BUNDLE_IDENTIFIER = "com.kinmanlui.flix-demo-03";
				PRODUCT_NAME = "$(TARGET_NAME)";
				SWIFT_VERSION = 4.0;
				TARGETED_DEVICE_FAMILY = "1,2";
			};
			name = Release;
		};
		BFC2C92A20214CDF00B8BB18 /* Debug */ = {
			isa = XCBuildConfiguration;
			buildSettings = {
				ALWAYS_EMBED_SWIFT_STANDARD_LIBRARIES = YES;
				BUNDLE_LOADER = "$(TEST_HOST)";
				CODE_SIGN_STYLE = Automatic;
				DEVELOPMENT_TEAM = 2Y5XUSGWXK;
				INFOPLIST_FILE = flix_demo_03Tests/Info.plist;
				LD_RUNPATH_SEARCH_PATHS = "$(inherited) @executable_path/Frameworks @loader_path/Frameworks";
				PRODUCT_BUNDLE_IDENTIFIER = "com.kinmanlui.flix-demo-03Tests";
				PRODUCT_NAME = "$(TARGET_NAME)";
				SWIFT_VERSION = 4.0;
				TARGETED_DEVICE_FAMILY = "1,2";
				TEST_HOST = "$(BUILT_PRODUCTS_DIR)/flix_demo_03.app/flix_demo_03";
			};
			name = Debug;
		};
		BFC2C92B20214CDF00B8BB18 /* Release */ = {
			isa = XCBuildConfiguration;
			buildSettings = {
				ALWAYS_EMBED_SWIFT_STANDARD_LIBRARIES = YES;
				BUNDLE_LOADER = "$(TEST_HOST)";
				CODE_SIGN_STYLE = Automatic;
				DEVELOPMENT_TEAM = 2Y5XUSGWXK;
				INFOPLIST_FILE = flix_demo_03Tests/Info.plist;
				LD_RUNPATH_SEARCH_PATHS = "$(inherited) @executable_path/Frameworks @loader_path/Frameworks";
				PRODUCT_BUNDLE_IDENTIFIER = "com.kinmanlui.flix-demo-03Tests";
				PRODUCT_NAME = "$(TARGET_NAME)";
				SWIFT_VERSION = 4.0;
				TARGETED_DEVICE_FAMILY = "1,2";
				TEST_HOST = "$(BUILT_PRODUCTS_DIR)/flix_demo_03.app/flix_demo_03";
			};
			name = Release;
		};
		BFC2C92D20214CDF00B8BB18 /* Debug */ = {
			isa = XCBuildConfiguration;
			buildSettings = {
				ALWAYS_EMBED_SWIFT_STANDARD_LIBRARIES = YES;
				CODE_SIGN_STYLE = Automatic;
				DEVELOPMENT_TEAM = 2Y5XUSGWXK;
				INFOPLIST_FILE = flix_demo_03UITests/Info.plist;
				LD_RUNPATH_SEARCH_PATHS = "$(inherited) @executable_path/Frameworks @loader_path/Frameworks";
				PRODUCT_BUNDLE_IDENTIFIER = "com.kinmanlui.flix-demo-03UITests";
				PRODUCT_NAME = "$(TARGET_NAME)";
				SWIFT_VERSION = 4.0;
				TARGETED_DEVICE_FAMILY = "1,2";
				TEST_TARGET_NAME = flix_demo_03;
			};
			name = Debug;
		};
		BFC2C92E20214CDF00B8BB18 /* Release */ = {
			isa = XCBuildConfiguration;
			buildSettings = {
				ALWAYS_EMBED_SWIFT_STANDARD_LIBRARIES = YES;
				CODE_SIGN_STYLE = Automatic;
				DEVELOPMENT_TEAM = 2Y5XUSGWXK;
				INFOPLIST_FILE = flix_demo_03UITests/Info.plist;
				LD_RUNPATH_SEARCH_PATHS = "$(inherited) @executable_path/Frameworks @loader_path/Frameworks";
				PRODUCT_BUNDLE_IDENTIFIER = "com.kinmanlui.flix-demo-03UITests";
				PRODUCT_NAME = "$(TARGET_NAME)";
				SWIFT_VERSION = 4.0;
				TARGETED_DEVICE_FAMILY = "1,2";
				TEST_TARGET_NAME = flix_demo_03;
			};
			name = Release;
		};
/* End XCBuildConfiguration section */

/* Begin XCConfigurationList section */
		BFC2C8F920214CDE00B8BB18 /* Build configuration list for PBXProject "flix_demo_03" */ = {
			isa = XCConfigurationList;
			buildConfigurations = (
				BFC2C92420214CDF00B8BB18 /* Debug */,
				BFC2C92520214CDF00B8BB18 /* Release */,
			);
			defaultConfigurationIsVisible = 0;
			defaultConfigurationName = Release;
		};
		BFC2C92620214CDF00B8BB18 /* Build configuration list for PBXNativeTarget "flix_demo_03" */ = {
			isa = XCConfigurationList;
			buildConfigurations = (
				BFC2C92720214CDF00B8BB18 /* Debug */,
				BFC2C92820214CDF00B8BB18 /* Release */,
			);
			defaultConfigurationIsVisible = 0;
			defaultConfigurationName = Release;
		};
		BFC2C92920214CDF00B8BB18 /* Build configuration list for PBXNativeTarget "flix_demo_03Tests" */ = {
			isa = XCConfigurationList;
			buildConfigurations = (
				BFC2C92A20214CDF00B8BB18 /* Debug */,
				BFC2C92B20214CDF00B8BB18 /* Release */,
			);
			defaultConfigurationIsVisible = 0;
			defaultConfigurationName = Release;
		};
		BFC2C92C20214CDF00B8BB18 /* Build configuration list for PBXNativeTarget "flix_demo_03UITests" */ = {
			isa = XCConfigurationList;
			buildConfigurations = (
				BFC2C92D20214CDF00B8BB18 /* Debug */,
				BFC2C92E20214CDF00B8BB18 /* Release */,
			);
			defaultConfigurationIsVisible = 0;
			defaultConfigurationName = Release;
		};
/* End XCConfigurationList section */
	};
	rootObject = BFC2C8F620214CDE00B8BB18 /* Project object */;
}
